
Microsoft Visual Studio Solution File, Format Version 12.00
# Visual Studio Version 17
VisualStudioVersion = 17.0.32014.148
MinimumVisualStudioVersion = 10.0.40219.1
Project("{FAE04EC0-301F-11D3-BF4B-00C04F79EFBC}") = "Lesson21", "Lesson21\Lesson21.csproj", "{EC8BDCCF-C45E-4576-9306-B95EC6E43FD0}"
EndProject
Project("{FAE04EC0-301F-11D3-BF4B-00C04F79EFBC}") = "Lesson21.Models", "Lesson21.Models\Lesson21.Models.csproj", "{FB2124CF-587F-4ED6-845D-427FE3C92005}"
EndProject
Global
	GlobalSection(SolutionConfigurationPlatforms) = preSolution
		Debug|Any CPU = Debug|Any CPU
		Release|Any CPU = Release|Any CPU
	EndGlobalSection
	GlobalSection(ProjectConfigurationPlatforms) = postSolution
		{EC8BDCCF-C45E-4576-9306-B95EC6E43FD0}.Debug|Any CPU.ActiveCfg = Debug|Any CPU
		{EC8BDCCF-C45E-4576-9306-B95EC6E43FD0}.Debug|Any CPU.Build.0 = Debug|Any CPU
		{EC8BDCCF-C45E-4576-9306-B95EC6E43FD0}.Release|Any CPU.ActiveCfg = Release|Any CPU
		{EC8BDCCF-C45E-4576-9306-B95EC6E43FD0}.Release|Any CPU.Build.0 = Release|Any CPU
		{FB2124CF-587F-4ED6-845D-427FE3C92005}.Debug|Any CPU.ActiveCfg = Debug|Any CPU
		{FB2124CF-587F-4ED6-845D-427FE3C92005}.Debug|Any CPU.Build.0 = Debug|Any CPU
		{FB2124CF-587F-4ED6-845D-427FE3C92005}.Release|Any CPU.ActiveCfg = Release|Any CPU
		{FB2124CF-587F-4ED6-845D-427FE3C92005}.Release|Any CPU.Build.0 = Release|Any CPU
	EndGlobalSection
	GlobalSection(SolutionProperties) = preSolution
		HideSolutionNode = FALSE
	EndGlobalSection
	GlobalSection(ExtensibilityGlobals) = postSolution
		SolutionGuid = {97D28A9B-6E9B-4818-81A3-E3307C963CE8}
	EndGlobalSection
EndGlobal
